
Microsoft Visual Studio Solution File, Format Version 12.00
Project("{FAE04EC0-301F-11D3-BF4B-00C04F79EFBC}") = "DynamicPermissionList", "DynamicPermissionList.csproj", "{FAC152DC-62B9-4A80-BC9B-9D80E8600685}"
EndProject
Global
	GlobalSection(SolutionConfigurationPlatforms) = preSolution
		Debug|Any CPU = Debug|Any CPU
		Release|Any CPU = Release|Any CPU
	EndGlobalSection
	GlobalSection(ProjectConfigurationPlatforms) = postSolution
		{FAC152DC-62B9-4A80-BC9B-9D80E8600685}.Debug|Any CPU.ActiveCfg = Debug|Any CPU
		{FAC152DC-62B9-4A80-BC9B-9D80E8600685}.Debug|Any CPU.Build.0 = Debug|Any CPU
		{FAC152DC-62B9-4A80-BC9B-9D80E8600685}.Release|Any CPU.ActiveCfg = Release|Any CPU
		{FAC152DC-62B9-4A80-BC9B-9D80E8600685}.Release|Any CPU.Build.0 = Release|Any CPU
	EndGlobalSection
EndGlobal
